# THIS IS AN AUTOGENERATED FILE. DO NOT EDIT THIS FILE DIRECTLY.
# yarn lockfile v1


"@types/hasha@^3.0.1":
  version "3.0.1"
  resolved "https://registry.npm.taobao.org/@types/hasha/download/@types/hasha-3.0.1.tgz#376531c4da8076b0769a5d684eb5cd27506bb901"
  integrity sha1-N2UxxNqAdrB2ml1oTrXNJ1BruQE=
  dependencies:
    hasha "*"

"@types/lodash@^4.14.152":
  version "4.14.155"
  resolved "https://registry.npm.taobao.org/@types/lodash/download/@types/lodash-4.14.155.tgz#e2b4514f46a261fd11542e47519c20ebce7bc23a"
  integrity sha1-4rRRT0aiYf0RVC5HUZwg6857wjo=

"@types/node@^14.0.5":
  version "14.0.13"
  resolved "https://registry.npm.taobao.org/@types/node/download/@types/node-14.0.13.tgz?cache=0&sync_timestamp=1591735025911&other_urls=https%3A%2F%2Fregistry.npm.taobao.org%2F%40types%2Fnode%2Fdownload%2F%40types%2Fnode-14.0.13.tgz#ee1128e881b874c371374c1f72201893616417c9"
  integrity sha1-7hEo6IG4dMNxN0wfciAYk2FkF8k=

"@wrule/prober@^0.1.1":
  version "0.1.1"
  resolved "https://registry.npm.taobao.org/@wrule/prober/download/@wrule/prober-0.1.1.tgz#a32687b336636f321ece458e5349558b4c64def4"
  integrity sha1-oyaHszZjbzIezkWOU0lVi0xk3vQ=
  dependencies:
    "@types/hasha" "^3.0.1"
    "@types/lodash" "^4.14.152"
    "@types/node" "^14.0.5"
    hasha "^5.2.0"
    lodash "^4.17.15"

hasha@*, hasha@^5.2.0:
  version "5.2.0"
  resolved "https://registry.npm.taobao.org/hasha/download/hasha-5.2.0.tgz#33094d1f69c40a4a6ac7be53d5fe3ff95a269e0c"
  integrity sha1-MwlNH2nECkpqx75T1f4/+Vomngw=
  dependencies:
    is-stream "^2.0.0"
    type-fest "^0.8.0"

is-stream@^2.0.0:
  version "2.0.0"
  resolved "https://registry.npm.taobao.org/is-stream/download/is-stream-2.0.0.tgz#bde9c32680d6fae04129d6ac9d921ce7815f78e3"
  integrity sha1-venDJoDW+uBBKdasnZIc54FfeOM=

lodash@^4.17.15:
  version "4.17.15"
  resolved "https://registry.npm.taobao.org/lodash/download/lodash-4.17.15.tgz#b447f6670a0455bbfeedd11392eff330ea097548"
  integrity sha1-tEf2ZwoEVbv+7dETku/zMOoJdUg=

type-fest@^0.8.0:
  version "0.8.1"
  resolved "https://registry.npm.taobao.org/type-fest/download/type-fest-0.8.1.tgz?cache=0&sync_timestamp=1591686867009&other_urls=https%3A%2F%2Fregistry.npm.taobao.org%2Ftype-fest%2Fdownload%2Ftype-fest-0.8.1.tgz#09e249ebde851d3b1e48d27c105444667f17b83d"
  integrity sha1-CeJJ696FHTseSNJ8EFREZn8XuD0=
